
Microsoft Visual Studio Solution File, Format Version 12.00
Project("{FAE04EC0-301F-11D3-BF4B-00C04F79EFBC}") = "WebApi", "WebApi\WebApi.csproj", "{6D9BEF9D-0A1B-4FAB-90DE-69C768E1E7C7}"
EndProject
Project("{2150E333-8FDC-42A3-9474-1A3956D46DE8}") = "Solution Items", "Solution Items", "{347DB902-4D95-4A0A-B940-A6D048183604}"
	ProjectSection(SolutionItems) = preProject
		compose.yaml = compose.yaml
		.dockerignore = .dockerignore
		.gitignore = .gitignore
		compose-local.yaml = compose-local.yaml
	EndProjectSection
EndProject
Project("{FAE04EC0-301F-11D3-BF4B-00C04F79EFBC}") = "Domain", "Domain\Domain.csproj", "{D31D6533-871C-43C0-87E9-E0FD5118D4F5}"
EndProject
Project("{FAE04EC0-301F-11D3-BF4B-00C04F79EFBC}") = "Infrastructure", "Infrastructure\Infrastructure.csproj", "{E5B8D44D-E014-4FE3-8592-89C032A8AE46}"
EndProject
Global
	GlobalSection(SolutionConfigurationPlatforms) = preSolution
		Debug|Any CPU = Debug|Any CPU
		Release|Any CPU = Release|Any CPU
	EndGlobalSection
	GlobalSection(ProjectConfigurationPlatforms) = postSolution
		{6D9BEF9D-0A1B-4FAB-90DE-69C768E1E7C7}.Debug|Any CPU.ActiveCfg = Debug|Any CPU
		{6D9BEF9D-0A1B-4FAB-90DE-69C768E1E7C7}.Debug|Any CPU.Build.0 = Debug|Any CPU
		{6D9BEF9D-0A1B-4FAB-90DE-69C768E1E7C7}.Release|Any CPU.ActiveCfg = Release|Any CPU
		{6D9BEF9D-0A1B-4FAB-90DE-69C768E1E7C7}.Release|Any CPU.Build.0 = Release|Any CPU
		{D31D6533-871C-43C0-87E9-E0FD5118D4F5}.Debug|Any CPU.ActiveCfg = Debug|Any CPU
		{D31D6533-871C-43C0-87E9-E0FD5118D4F5}.Debug|Any CPU.Build.0 = Debug|Any CPU
		{D31D6533-871C-43C0-87E9-E0FD5118D4F5}.Release|Any CPU.ActiveCfg = Release|Any CPU
		{D31D6533-871C-43C0-87E9-E0FD5118D4F5}.Release|Any CPU.Build.0 = Release|Any CPU
		{E5B8D44D-E014-4FE3-8592-89C032A8AE46}.Debug|Any CPU.ActiveCfg = Debug|Any CPU
		{E5B8D44D-E014-4FE3-8592-89C032A8AE46}.Debug|Any CPU.Build.0 = Debug|Any CPU
		{E5B8D44D-E014-4FE3-8592-89C032A8AE46}.Release|Any CPU.ActiveCfg = Release|Any CPU
		{E5B8D44D-E014-4FE3-8592-89C032A8AE46}.Release|Any CPU.Build.0 = Release|Any CPU
	EndGlobalSection
EndGlobal
